
Microsoft Visual Studio Solution File, Format Version 12.00
# Visual Studio Version 16
VisualStudioVersion = 16.0.31515.178
MinimumVisualStudioVersion = 10.0.40219.1
Project("{9A19103F-16F7-4668-BE54-9A1E7A4F7556}") = "Arrays", "Arrays\Arrays.csproj", "{0BF2F963-15D4-4237-A6A4-E56895BA585F}"
EndProject
Project("{9A19103F-16F7-4668-BE54-9A1E7A4F7556}") = "Matrix", "..\Matrix\Matrix.csproj", "{C501AD8B-A29B-4884-BB91-CDBA67122AD6}"
EndProject
Project("{9A19103F-16F7-4668-BE54-9A1E7A4F7556}") = "AmazonOA", "..\AmazonOA\AmazonOA.csproj", "{6DF03752-EF6B-4A3C-B244-8E07FE9FB955}"
EndProject
Project("{FAE04EC0-301F-11D3-BF4B-00C04F79EFBC}") = "BinarySearch", "BinarySearch\BinarySearch.csproj", "{6DED9A95-E44D-4050-AAEF-C706A6E52D2B}"
EndProject
Global
	GlobalSection(SolutionConfigurationPlatforms) = preSolution
		Debug|Any CPU = Debug|Any CPU
		Release|Any CPU = Release|Any CPU
	EndGlobalSection
	GlobalSection(ProjectConfigurationPlatforms) = postSolution
		{0BF2F963-15D4-4237-A6A4-E56895BA585F}.Debug|Any CPU.ActiveCfg = Debug|Any CPU
		{0BF2F963-15D4-4237-A6A4-E56895BA585F}.Debug|Any CPU.Build.0 = Debug|Any CPU
		{0BF2F963-15D4-4237-A6A4-E56895BA585F}.Release|Any CPU.ActiveCfg = Release|Any CPU
		{0BF2F963-15D4-4237-A6A4-E56895BA585F}.Release|Any CPU.Build.0 = Release|Any CPU
		{C501AD8B-A29B-4884-BB91-CDBA67122AD6}.Debug|Any CPU.ActiveCfg = Debug|Any CPU
		{C501AD8B-A29B-4884-BB91-CDBA67122AD6}.Debug|Any CPU.Build.0 = Debug|Any CPU
		{C501AD8B-A29B-4884-BB91-CDBA67122AD6}.Release|Any CPU.ActiveCfg = Release|Any CPU
		{C501AD8B-A29B-4884-BB91-CDBA67122AD6}.Release|Any CPU.Build.0 = Release|Any CPU
		{6DF03752-EF6B-4A3C-B244-8E07FE9FB955}.Debug|Any CPU.ActiveCfg = Debug|Any CPU
		{6DF03752-EF6B-4A3C-B244-8E07FE9FB955}.Debug|Any CPU.Build.0 = Debug|Any CPU
		{6DF03752-EF6B-4A3C-B244-8E07FE9FB955}.Release|Any CPU.ActiveCfg = Release|Any CPU
		{6DF03752-EF6B-4A3C-B244-8E07FE9FB955}.Release|Any CPU.Build.0 = Release|Any CPU
		{6DED9A95-E44D-4050-AAEF-C706A6E52D2B}.Debug|Any CPU.ActiveCfg = Debug|Any CPU
		{6DED9A95-E44D-4050-AAEF-C706A6E52D2B}.Debug|Any CPU.Build.0 = Debug|Any CPU
		{6DED9A95-E44D-4050-AAEF-C706A6E52D2B}.Release|Any CPU.ActiveCfg = Release|Any CPU
		{6DED9A95-E44D-4050-AAEF-C706A6E52D2B}.Release|Any CPU.Build.0 = Release|Any CPU
	EndGlobalSection
	GlobalSection(SolutionProperties) = preSolution
		HideSolutionNode = FALSE
	EndGlobalSection
	GlobalSection(ExtensibilityGlobals) = postSolution
		SolutionGuid = {42472201-985E-4C09-99BC-C01DBC72E118}
	EndGlobalSection
EndGlobal
